
Microsoft Visual Studio Solution File, Format Version 12.00
# Visual Studio 15
VisualStudioVersion = 15.0.26124.0
MinimumVisualStudioVersion = 15.0.26124.0
Project("{2150E333-8FDC-42A3-9474-1A3956D46DE8}") = "src", "src", "{18F1191F-E1E7-40C4-95D5-6A6A4D6FB307}"
EndProject
Project("{FAE04EC0-301F-11D3-BF4B-00C04F79EFBC}") = "GradeBook", "src\GradeBook\GradeBook.csproj", "{F69EA096-E3F8-47D8-988A-1F1A70F4E16D}"
EndProject
Project("{2150E333-8FDC-42A3-9474-1A3956D46DE8}") = "test", "test", "{E7D52C6C-0BEA-420F-B0EC-EE7B4E3D5626}"
EndProject
Project("{FAE04EC0-301F-11D3-BF4B-00C04F79EFBC}") = "GradeBook.Tests", "test\GradeBook.Tests\GradeBook.Tests.csproj", "{48595B5F-8546-4606-8C93-2433A6C163A0}"
EndProject
Global
	GlobalSection(SolutionConfigurationPlatforms) = preSolution
		Debug|Any CPU = Debug|Any CPU
		Debug|x64 = Debug|x64
		Debug|x86 = Debug|x86
		Release|Any CPU = Release|Any CPU
		Release|x64 = Release|x64
		Release|x86 = Release|x86
	EndGlobalSection
	GlobalSection(SolutionProperties) = preSolution
		HideSolutionNode = FALSE
	EndGlobalSection
	GlobalSection(ProjectConfigurationPlatforms) = postSolution
		{F69EA096-E3F8-47D8-988A-1F1A70F4E16D}.Debug|Any CPU.ActiveCfg = Debug|Any CPU
		{F69EA096-E3F8-47D8-988A-1F1A70F4E16D}.Debug|Any CPU.Build.0 = Debug|Any CPU
		{F69EA096-E3F8-47D8-988A-1F1A70F4E16D}.Debug|x64.ActiveCfg = Debug|Any CPU
		{F69EA096-E3F8-47D8-988A-1F1A70F4E16D}.Debug|x64.Build.0 = Debug|Any CPU
		{F69EA096-E3F8-47D8-988A-1F1A70F4E16D}.Debug|x86.ActiveCfg = Debug|Any CPU
		{F69EA096-E3F8-47D8-988A-1F1A70F4E16D}.Debug|x86.Build.0 = Debug|Any CPU
		{F69EA096-E3F8-47D8-988A-1F1A70F4E16D}.Release|Any CPU.ActiveCfg = Release|Any CPU
		{F69EA096-E3F8-47D8-988A-1F1A70F4E16D}.Release|Any CPU.Build.0 = Release|Any CPU
		{F69EA096-E3F8-47D8-988A-1F1A70F4E16D}.Release|x64.ActiveCfg = Release|Any CPU
		{F69EA096-E3F8-47D8-988A-1F1A70F4E16D}.Release|x64.Build.0 = Release|Any CPU
		{F69EA096-E3F8-47D8-988A-1F1A70F4E16D}.Release|x86.ActiveCfg = Release|Any CPU
		{F69EA096-E3F8-47D8-988A-1F1A70F4E16D}.Release|x86.Build.0 = Release|Any CPU
		{48595B5F-8546-4606-8C93-2433A6C163A0}.Debug|Any CPU.ActiveCfg = Debug|Any CPU
		{48595B5F-8546-4606-8C93-2433A6C163A0}.Debug|Any CPU.Build.0 = Debug|Any CPU
		{48595B5F-8546-4606-8C93-2433A6C163A0}.Debug|x64.ActiveCfg = Debug|Any CPU
		{48595B5F-8546-4606-8C93-2433A6C163A0}.Debug|x64.Build.0 = Debug|Any CPU
		{48595B5F-8546-4606-8C93-2433A6C163A0}.Debug|x86.ActiveCfg = Debug|Any CPU
		{48595B5F-8546-4606-8C93-2433A6C163A0}.Debug|x86.Build.0 = Debug|Any CPU
		{48595B5F-8546-4606-8C93-2433A6C163A0}.Release|Any CPU.ActiveCfg = Release|Any CPU
		{48595B5F-8546-4606-8C93-2433A6C163A0}.Release|Any CPU.Build.0 = Release|Any CPU
		{48595B5F-8546-4606-8C93-2433A6C163A0}.Release|x64.ActiveCfg = Release|Any CPU
		{48595B5F-8546-4606-8C93-2433A6C163A0}.Release|x64.Build.0 = Release|Any CPU
		{48595B5F-8546-4606-8C93-2433A6C163A0}.Release|x86.ActiveCfg = Release|Any CPU
		{48595B5F-8546-4606-8C93-2433A6C163A0}.Release|x86.Build.0 = Release|Any CPU
	EndGlobalSection
	GlobalSection(NestedProjects) = preSolution
		{F69EA096-E3F8-47D8-988A-1F1A70F4E16D} = {18F1191F-E1E7-40C4-95D5-6A6A4D6FB307}
		{48595B5F-8546-4606-8C93-2433A6C163A0} = {E7D52C6C-0BEA-420F-B0EC-EE7B4E3D5626}
	EndGlobalSection
EndGlobal
